
Microsoft Visual Studio Solution File, Format Version 12.00
# Visual Studio Version 17
VisualStudioVersion = 17.7.34031.279
MinimumVisualStudioVersion = 10.0.40219.1
Project("{9A19103F-16F7-4668-BE54-9A1E7A4F7556}") = "Byte.Sized.Monkeys.Pad.B.Core", "src\Byte.Sized.Monkeys.Pad.B.Core\Byte.Sized.Monkeys.Pad.B.Core.csproj", "{F5BB58F8-4A29-45EE-A1B1-820789815BD9}"
EndProject
Project("{9A19103F-16F7-4668-BE54-9A1E7A4F7556}") = "Byte.Sized.Monkeys.Common", "src\Byte.Sized.Monkeys.Common\Byte.Sized.Monkeys.Common.csproj", "{FCD984E8-8FD7-4CD5-AB3C-4736C4AF0FAD}"
EndProject
Project("{FAE04EC0-301F-11D3-BF4B-00C04F79EFBC}") = "Byte.Sized.Monky.Pad.B.Console", "src\Byte.Sized.Monky.Pad.B.Console\Byte.Sized.Monky.Pad.B.Console.csproj", "{3540E677-D1A5-42F1-AB39-85611C45CA4D}"
EndProject
Global
	GlobalSection(SolutionConfigurationPlatforms) = preSolution
		Debug|Any CPU = Debug|Any CPU
		Release|Any CPU = Release|Any CPU
	EndGlobalSection
	GlobalSection(ProjectConfigurationPlatforms) = postSolution
		{F5BB58F8-4A29-45EE-A1B1-820789815BD9}.Debug|Any CPU.ActiveCfg = Debug|Any CPU
		{F5BB58F8-4A29-45EE-A1B1-820789815BD9}.Debug|Any CPU.Build.0 = Debug|Any CPU
		{F5BB58F8-4A29-45EE-A1B1-820789815BD9}.Release|Any CPU.ActiveCfg = Release|Any CPU
		{F5BB58F8-4A29-45EE-A1B1-820789815BD9}.Release|Any CPU.Build.0 = Release|Any CPU
		{FCD984E8-8FD7-4CD5-AB3C-4736C4AF0FAD}.Debug|Any CPU.ActiveCfg = Debug|Any CPU
		{FCD984E8-8FD7-4CD5-AB3C-4736C4AF0FAD}.Debug|Any CPU.Build.0 = Debug|Any CPU
		{FCD984E8-8FD7-4CD5-AB3C-4736C4AF0FAD}.Release|Any CPU.ActiveCfg = Release|Any CPU
		{FCD984E8-8FD7-4CD5-AB3C-4736C4AF0FAD}.Release|Any CPU.Build.0 = Release|Any CPU
		{3540E677-D1A5-42F1-AB39-85611C45CA4D}.Debug|Any CPU.ActiveCfg = Debug|Any CPU
		{3540E677-D1A5-42F1-AB39-85611C45CA4D}.Debug|Any CPU.Build.0 = Debug|Any CPU
		{3540E677-D1A5-42F1-AB39-85611C45CA4D}.Release|Any CPU.ActiveCfg = Release|Any CPU
		{3540E677-D1A5-42F1-AB39-85611C45CA4D}.Release|Any CPU.Build.0 = Release|Any CPU
	EndGlobalSection
	GlobalSection(SolutionProperties) = preSolution
		HideSolutionNode = FALSE
	EndGlobalSection
	GlobalSection(ExtensibilityGlobals) = postSolution
		SolutionGuid = {5BBFD7DD-592B-4305-AFFF-0391383834C7}
	EndGlobalSection
EndGlobal
